{
  "name": "diplomarbeit",
  "version": "1.0.0",
  "lockfileVersion": 1,
  "requires": true,
  "dependencies": {
    "@ngrx/effects": {
      "version": "12.1.0",
      "resolved": "https://bin.swisscom.com/api/npm/oce-shared-npm-virtual/@ngrx/effects/-/effects-12.1.0.tgz",
      "integrity": "sha1-MW5glQpeLIyi7LMRk5coGv/jooY=",
      "requires": {
        "tslib": "^2.0.0"
      }
    },
    "tslib": {
      "version": "2.3.0",
      "resolved": "https://bin.swisscom.com/api/npm/oce-shared-npm-virtual/tslib/-/tslib-2.3.0.tgz",
      "integrity": "sha1-gDuM2rPhK6WBpMpByIObuw2ssJ4="
    }
  }
}
